
Microsoft Visual Studio Solution File, Format Version 12.00
# Visual Studio 15
VisualStudioVersion = 15.0.26730.12
MinimumVisualStudioVersion = 10.0.40219.1
Project("{FAE04EC0-301F-11D3-BF4B-00C04F79EFBC}") = "FriendOrganizer.UI", "FriendOrganizer.UI\FriendOrganizer.UI.csproj", "{FF7BD75F-9681-4535-B523-35F7CE3DF032}"
EndProject
Global
	GlobalSection(SolutionConfigurationPlatforms) = preSolution
		Debug|Any CPU = Debug|Any CPU
		Release|Any CPU = Release|Any CPU
	EndGlobalSection
	GlobalSection(ProjectConfigurationPlatforms) = postSolution
		{FF7BD75F-9681-4535-B523-35F7CE3DF032}.Debug|Any CPU.ActiveCfg = Debug|Any CPU
		{FF7BD75F-9681-4535-B523-35F7CE3DF032}.Debug|Any CPU.Build.0 = Debug|Any CPU
		{FF7BD75F-9681-4535-B523-35F7CE3DF032}.Release|Any CPU.ActiveCfg = Release|Any CPU
		{FF7BD75F-9681-4535-B523-35F7CE3DF032}.Release|Any CPU.Build.0 = Release|Any CPU
	EndGlobalSection
	GlobalSection(SolutionProperties) = preSolution
		HideSolutionNode = FALSE
	EndGlobalSection
	GlobalSection(ExtensibilityGlobals) = postSolution
		SolutionGuid = {870B7BFD-884D-46A9-962C-6998B71BECA6}
	EndGlobalSection
EndGlobal
